
Microsoft Visual Studio Solution File, Format Version 12.00
# Visual Studio Version 16
VisualStudioVersion = 16.0.30011.22
MinimumVisualStudioVersion = 10.0.40219.1
Project("{FAE04EC0-301F-11D3-BF4B-00C04F79EFBC}") = "Error Management App", "Error Management App\Error Management App.csproj", "{D87B61A5-3630-4043-83BB-911003E0BDE1}"
EndProject
Project("{FAE04EC0-301F-11D3-BF4B-00C04F79EFBC}") = "DAL", "DAL\DAL.csproj", "{DF488EB4-B6D2-4C96-AAB8-6CB45CDA5C57}"
EndProject
Project("{FAE04EC0-301F-11D3-BF4B-00C04F79EFBC}") = "BLL", "BLL\BLL.csproj", "{52941E49-83A1-4660-95DF-6FF9ED4DE238}"
EndProject
Global
	GlobalSection(SolutionConfigurationPlatforms) = preSolution
		Debug|Any CPU = Debug|Any CPU
		Release|Any CPU = Release|Any CPU
	EndGlobalSection
	GlobalSection(ProjectConfigurationPlatforms) = postSolution
		{D87B61A5-3630-4043-83BB-911003E0BDE1}.Debug|Any CPU.ActiveCfg = Debug|Any CPU
		{D87B61A5-3630-4043-83BB-911003E0BDE1}.Debug|Any CPU.Build.0 = Debug|Any CPU
		{D87B61A5-3630-4043-83BB-911003E0BDE1}.Release|Any CPU.ActiveCfg = Release|Any CPU
		{D87B61A5-3630-4043-83BB-911003E0BDE1}.Release|Any CPU.Build.0 = Release|Any CPU
		{DF488EB4-B6D2-4C96-AAB8-6CB45CDA5C57}.Debug|Any CPU.ActiveCfg = Debug|Any CPU
		{DF488EB4-B6D2-4C96-AAB8-6CB45CDA5C57}.Debug|Any CPU.Build.0 = Debug|Any CPU
		{DF488EB4-B6D2-4C96-AAB8-6CB45CDA5C57}.Release|Any CPU.ActiveCfg = Release|Any CPU
		{DF488EB4-B6D2-4C96-AAB8-6CB45CDA5C57}.Release|Any CPU.Build.0 = Release|Any CPU
		{52941E49-83A1-4660-95DF-6FF9ED4DE238}.Debug|Any CPU.ActiveCfg = Debug|Any CPU
		{52941E49-83A1-4660-95DF-6FF9ED4DE238}.Debug|Any CPU.Build.0 = Debug|Any CPU
		{52941E49-83A1-4660-95DF-6FF9ED4DE238}.Release|Any CPU.ActiveCfg = Release|Any CPU
		{52941E49-83A1-4660-95DF-6FF9ED4DE238}.Release|Any CPU.Build.0 = Release|Any CPU
	EndGlobalSection
	GlobalSection(SolutionProperties) = preSolution
		HideSolutionNode = FALSE
	EndGlobalSection
	GlobalSection(ExtensibilityGlobals) = postSolution
		SolutionGuid = {D1BF5619-A04B-45FA-932D-1B277EDCF8EF}
	EndGlobalSection
EndGlobal
